
Microsoft Visual Studio Solution File, Format Version 12.00
# Visual Studio Version 17
VisualStudioVersion = 17.2.32616.157
MinimumVisualStudioVersion = 10.0.40219.1
Project("{FAE04EC0-301F-11D3-BF4B-00C04F79EFBC}") = "FarinResponceTool", "FarinResponceTool.csproj", "{5C20D2CE-3D48-414B-AF18-3D41A69185F6}"
EndProject
Global
	GlobalSection(SolutionConfigurationPlatforms) = preSolution
		Debug|Any CPU = Debug|Any CPU
		Release|Any CPU = Release|Any CPU
	EndGlobalSection
	GlobalSection(ProjectConfigurationPlatforms) = postSolution
		{5C20D2CE-3D48-414B-AF18-3D41A69185F6}.Debug|Any CPU.ActiveCfg = Debug|Any CPU
		{5C20D2CE-3D48-414B-AF18-3D41A69185F6}.Debug|Any CPU.Build.0 = Debug|Any CPU
		{5C20D2CE-3D48-414B-AF18-3D41A69185F6}.Release|Any CPU.ActiveCfg = Release|Any CPU
		{5C20D2CE-3D48-414B-AF18-3D41A69185F6}.Release|Any CPU.Build.0 = Release|Any CPU
	EndGlobalSection
	GlobalSection(SolutionProperties) = preSolution
		HideSolutionNode = FALSE
	EndGlobalSection
	GlobalSection(ExtensibilityGlobals) = postSolution
		SolutionGuid = {FB49BD7D-87C0-4ADF-A6FB-497062D6B334}
	EndGlobalSection
EndGlobal
